
Microsoft Visual Studio Solution File, Format Version 12.00
# Visual Studio 2013
VisualStudioVersion = 12.0.21005.1
MinimumVisualStudioVersion = 10.0.40219.1
Project("{F184B08F-C81C-45F6-A57F-5ABD9991F28F}") = "APKTools", "APKTools\APKTools.vbproj", "{8FC15CF8-1D75-488E-8DDB-3AA10E950D6D}"
EndProject
Global
	GlobalSection(SolutionConfigurationPlatforms) = preSolution
		Debug|Any CPU = Debug|Any CPU
		Release|Any CPU = Release|Any CPU
	EndGlobalSection
	GlobalSection(ProjectConfigurationPlatforms) = postSolution
		{8FC15CF8-1D75-488E-8DDB-3AA10E950D6D}.Debug|Any CPU.ActiveCfg = Release|Any CPU
		{8FC15CF8-1D75-488E-8DDB-3AA10E950D6D}.Debug|Any CPU.Build.0 = Release|Any CPU
		{8FC15CF8-1D75-488E-8DDB-3AA10E950D6D}.Debug|Any CPU.Deploy.0 = Release|Any CPU
		{8FC15CF8-1D75-488E-8DDB-3AA10E950D6D}.Release|Any CPU.ActiveCfg = Release|Any CPU
		{8FC15CF8-1D75-488E-8DDB-3AA10E950D6D}.Release|Any CPU.Build.0 = Release|Any CPU
	EndGlobalSection
	GlobalSection(SolutionProperties) = preSolution
		HideSolutionNode = FALSE
	EndGlobalSection
EndGlobal
